
Microsoft Visual Studio Solution File, Format Version 12.00
# Visual Studio Version 17
VisualStudioVersion = 17.5.33516.290
MinimumVisualStudioVersion = 10.0.40219.1
Project("{FAE04EC0-301F-11D3-BF4B-00C04F79EFBC}") = "LMSSchool", "LMSSchool\LMSSchool.csproj", "{39191012-4B12-4DA3-8E06-FC1973045CBB}"
EndProject
Global
	GlobalSection(SolutionConfigurationPlatforms) = preSolution
		Debug|Any CPU = Debug|Any CPU
		Release|Any CPU = Release|Any CPU
	EndGlobalSection
	GlobalSection(ProjectConfigurationPlatforms) = postSolution
		{39191012-4B12-4DA3-8E06-FC1973045CBB}.Debug|Any CPU.ActiveCfg = Debug|Any CPU
		{39191012-4B12-4DA3-8E06-FC1973045CBB}.Debug|Any CPU.Build.0 = Debug|Any CPU
		{39191012-4B12-4DA3-8E06-FC1973045CBB}.Release|Any CPU.ActiveCfg = Release|Any CPU
		{39191012-4B12-4DA3-8E06-FC1973045CBB}.Release|Any CPU.Build.0 = Release|Any CPU
	EndGlobalSection
	GlobalSection(SolutionProperties) = preSolution
		HideSolutionNode = FALSE
	EndGlobalSection
	GlobalSection(ExtensibilityGlobals) = postSolution
		SolutionGuid = {166BF718-B7A6-4E6F-AECF-222A330AA2CF}
	EndGlobalSection
EndGlobal
